
Microsoft Visual Studio Solution File, Format Version 12.00
# Visual Studio Version 16
VisualStudioVersion = 16.0.31105.61
MinimumVisualStudioVersion = 10.0.40219.1
Project("{FAE04EC0-301F-11D3-BF4B-00C04F79EFBC}") = "Servidor_API", "Servidor_API.csproj", "{4500DB2E-DDDB-48E2-AE2D-79025C6AEFB2}"
EndProject
Project("{2150E333-8FDC-42A3-9474-1A3956D46DE8}") = "Solution Items", "Solution Items", "{C00BBD80-C227-4C29-8CA3-95AE98FC4160}"
	ProjectSection(SolutionItems) = preProject
		.editorconfig = .editorconfig
	EndProjectSection
EndProject
Global
	GlobalSection(SolutionConfigurationPlatforms) = preSolution
		Debug|Any CPU = Debug|Any CPU
		Release|Any CPU = Release|Any CPU
	EndGlobalSection
	GlobalSection(ProjectConfigurationPlatforms) = postSolution
		{4500DB2E-DDDB-48E2-AE2D-79025C6AEFB2}.Debug|Any CPU.ActiveCfg = Debug|Any CPU
		{4500DB2E-DDDB-48E2-AE2D-79025C6AEFB2}.Debug|Any CPU.Build.0 = Debug|Any CPU
		{4500DB2E-DDDB-48E2-AE2D-79025C6AEFB2}.Release|Any CPU.ActiveCfg = Release|Any CPU
		{4500DB2E-DDDB-48E2-AE2D-79025C6AEFB2}.Release|Any CPU.Build.0 = Release|Any CPU
	EndGlobalSection
	GlobalSection(SolutionProperties) = preSolution
		HideSolutionNode = FALSE
	EndGlobalSection
	GlobalSection(ExtensibilityGlobals) = postSolution
		SolutionGuid = {C38A2439-65D0-4E01-9CDA-D541F361E3DC}
	EndGlobalSection
EndGlobal
